
Microsoft Visual Studio Solution File, Format Version 12.00
# Visual Studio Version 17
VisualStudioVersion = 17.10.35122.118
MinimumVisualStudioVersion = 10.0.40219.1
Project("{FAE04EC0-301F-11D3-BF4B-00C04F79EFBC}") = "LeindaSaid_EntityFramework_Assinment1", "LeindaSaid_EntityFramework_Assinment1\LeindaSaid_EntityFramework_Assinment1.csproj", "{8658E74F-6CC2-401D-B7E4-814D70526CF1}"
EndProject
Global
	GlobalSection(SolutionConfigurationPlatforms) = preSolution
		Debug|Any CPU = Debug|Any CPU
		Release|Any CPU = Release|Any CPU
	EndGlobalSection
	GlobalSection(ProjectConfigurationPlatforms) = postSolution
		{8658E74F-6CC2-401D-B7E4-814D70526CF1}.Debug|Any CPU.ActiveCfg = Debug|Any CPU
		{8658E74F-6CC2-401D-B7E4-814D70526CF1}.Debug|Any CPU.Build.0 = Debug|Any CPU
		{8658E74F-6CC2-401D-B7E4-814D70526CF1}.Release|Any CPU.ActiveCfg = Release|Any CPU
		{8658E74F-6CC2-401D-B7E4-814D70526CF1}.Release|Any CPU.Build.0 = Release|Any CPU
	EndGlobalSection
	GlobalSection(SolutionProperties) = preSolution
		HideSolutionNode = FALSE
	EndGlobalSection
	GlobalSection(ExtensibilityGlobals) = postSolution
		SolutionGuid = {3A6D5975-3C84-4934-B7ED-7242C677CE56}
	EndGlobalSection
EndGlobal
